{
  "object": {
    "pins": [
      {
        "package": "WhatsNewKit",
        "repositoryURL": "https://github.com/SvenTiigi/WhatsNewKit.git",
        "state": {
          "branch": null,
          "revision": "8d40ce0de25a4bfe7996bef46c429c1e56a8962b",
          "version": "2.0.1"
        }
      }
    ]
  },
  "version": 1
}
